{
  "object": {
    "pins": [
      {
        "package": "IQKeyboardManagerSwift",
        "repositoryURL": "https://github.com/hackiftekhar/IQKeyboardManager.git",
        "state": {
          "branch": null,
          "revision": "b0f0a127cca6bb39378447baa2afff74123abd09",
          "version": "6.5.5"
        }
      }
    ]
  },
  "version": 1
}
